{
  "requires": true,
  "lockfileVersion": 1,
  "dependencies": {
    "python": {
      "version": "0.0.4",
      "resolved": "https://registry.npmjs.org/python/-/python-0.0.4.tgz",
      "integrity": "sha1-MJTomO8Xozqpw+lzs4SKOOR9GBg="
    },
    "python3": {
      "version": "0.0.1",
      "resolved": "https://registry.npmjs.org/python3/-/python3-0.0.1.tgz",
      "integrity": "sha1-njrodrW3So9mHf7JwQv1sOpMpfc="
    }
  }
}
